
Microsoft Visual Studio Solution File, Format Version 12.00
# Visual Studio Version 16
VisualStudioVersion = 16.0.31613.86
MinimumVisualStudioVersion = 10.0.40219.1
Project("{FAE04EC0-301F-11D3-BF4B-00C04F79EFBC}") = "AdventOfCode_day3", "AdventOfCode_day3\AdventOfCode_day3.csproj", "{BA453323-C5DE-49B2-9632-66E25C6E1BFD}"
EndProject
Global
	GlobalSection(SolutionConfigurationPlatforms) = preSolution
		Debug|Any CPU = Debug|Any CPU
		Release|Any CPU = Release|Any CPU
	EndGlobalSection
	GlobalSection(ProjectConfigurationPlatforms) = postSolution
		{BA453323-C5DE-49B2-9632-66E25C6E1BFD}.Debug|Any CPU.ActiveCfg = Debug|Any CPU
		{BA453323-C5DE-49B2-9632-66E25C6E1BFD}.Debug|Any CPU.Build.0 = Debug|Any CPU
		{BA453323-C5DE-49B2-9632-66E25C6E1BFD}.Release|Any CPU.ActiveCfg = Release|Any CPU
		{BA453323-C5DE-49B2-9632-66E25C6E1BFD}.Release|Any CPU.Build.0 = Release|Any CPU
	EndGlobalSection
	GlobalSection(SolutionProperties) = preSolution
		HideSolutionNode = FALSE
	EndGlobalSection
	GlobalSection(ExtensibilityGlobals) = postSolution
		SolutionGuid = {A715D383-8B5A-41B5-ABFC-7BCC5DF1BBF2}
	EndGlobalSection
EndGlobal
