
Microsoft Visual Studio Solution File, Format Version 12.00
# Visual Studio Version 17
VisualStudioVersion = 17.0.31903.59
MinimumVisualStudioVersion = 10.0.40219.1
Project("{FAE04EC0-301F-11D3-BF4B-00C04F79EFBC}") = "Advent", "Advent\Advent.csproj", "{EE59B2BD-0162-4B94-B1F8-9214DDD78820}"
EndProject
Global
	GlobalSection(SolutionConfigurationPlatforms) = preSolution
		Debug|Any CPU = Debug|Any CPU
		Release|Any CPU = Release|Any CPU
	EndGlobalSection
	GlobalSection(ProjectConfigurationPlatforms) = postSolution
		{EE59B2BD-0162-4B94-B1F8-9214DDD78820}.Debug|Any CPU.ActiveCfg = Debug|Any CPU
		{EE59B2BD-0162-4B94-B1F8-9214DDD78820}.Debug|Any CPU.Build.0 = Debug|Any CPU
		{EE59B2BD-0162-4B94-B1F8-9214DDD78820}.Release|Any CPU.ActiveCfg = Release|Any CPU
		{EE59B2BD-0162-4B94-B1F8-9214DDD78820}.Release|Any CPU.Build.0 = Release|Any CPU
	EndGlobalSection
	GlobalSection(SolutionProperties) = preSolution
		HideSolutionNode = FALSE
	EndGlobalSection
	GlobalSection(ExtensibilityGlobals) = postSolution
		SolutionGuid = {43BEEA3D-BECC-47E8-945C-6BEF145CD5A4}
	EndGlobalSection
EndGlobal
